
Microsoft Visual Studio Solution File, Format Version 12.00
# Visual Studio Version 16
VisualStudioVersion = 16.0.29411.138
MinimumVisualStudioVersion = 10.0.40219.1
Project("{FAE04EC0-301F-11D3-BF4B-00C04F79EFBC}") = "WindowsFormsApp1", "WindowsFormsApp1\WindowsFormsApp1.csproj", "{C064D5C3-384E-4112-9BA1-E8A462199D87}"
EndProject
Global
	GlobalSection(SolutionConfigurationPlatforms) = preSolution
		Debug|Any CPU = Debug|Any CPU
		Release|Any CPU = Release|Any CPU
	EndGlobalSection
	GlobalSection(ProjectConfigurationPlatforms) = postSolution
		{C064D5C3-384E-4112-9BA1-E8A462199D87}.Debug|Any CPU.ActiveCfg = Debug|Any CPU
		{C064D5C3-384E-4112-9BA1-E8A462199D87}.Debug|Any CPU.Build.0 = Debug|Any CPU
		{C064D5C3-384E-4112-9BA1-E8A462199D87}.Release|Any CPU.ActiveCfg = Release|Any CPU
		{C064D5C3-384E-4112-9BA1-E8A462199D87}.Release|Any CPU.Build.0 = Release|Any CPU
	EndGlobalSection
	GlobalSection(SolutionProperties) = preSolution
		HideSolutionNode = FALSE
	EndGlobalSection
	GlobalSection(ExtensibilityGlobals) = postSolution
		SolutionGuid = {AFBC643B-6CF0-47AA-8D86-8CDF532DD049}
	EndGlobalSection
EndGlobal
